
Microsoft Visual Studio Solution File, Format Version 12.00
# Visual Studio Version 16
VisualStudioVersion = 16.0.30907.101
MinimumVisualStudioVersion = 10.0.40219.1
Project("{FAE04EC0-301F-11D3-BF4B-00C04F79EFBC}") = "Serveur", "Serveur\Serveur.csproj", "{57871172-2E9D-4867-A309-D49309DE4C0A}"
EndProject
Project("{FAE04EC0-301F-11D3-BF4B-00C04F79EFBC}") = "clientForm", "clientForm\clientForm.csproj", "{2B4437B4-28D4-42B0-BE62-B75E366FE03E}"
EndProject
Global
	GlobalSection(SolutionConfigurationPlatforms) = preSolution
		Debug|Any CPU = Debug|Any CPU
		Release|Any CPU = Release|Any CPU
	EndGlobalSection
	GlobalSection(ProjectConfigurationPlatforms) = postSolution
		{57871172-2E9D-4867-A309-D49309DE4C0A}.Debug|Any CPU.ActiveCfg = Debug|Any CPU
		{57871172-2E9D-4867-A309-D49309DE4C0A}.Debug|Any CPU.Build.0 = Debug|Any CPU
		{57871172-2E9D-4867-A309-D49309DE4C0A}.Release|Any CPU.ActiveCfg = Release|Any CPU
		{57871172-2E9D-4867-A309-D49309DE4C0A}.Release|Any CPU.Build.0 = Release|Any CPU
		{2B4437B4-28D4-42B0-BE62-B75E366FE03E}.Debug|Any CPU.ActiveCfg = Debug|Any CPU
		{2B4437B4-28D4-42B0-BE62-B75E366FE03E}.Debug|Any CPU.Build.0 = Debug|Any CPU
		{2B4437B4-28D4-42B0-BE62-B75E366FE03E}.Release|Any CPU.ActiveCfg = Release|Any CPU
		{2B4437B4-28D4-42B0-BE62-B75E366FE03E}.Release|Any CPU.Build.0 = Release|Any CPU
	EndGlobalSection
	GlobalSection(SolutionProperties) = preSolution
		HideSolutionNode = FALSE
	EndGlobalSection
	GlobalSection(ExtensibilityGlobals) = postSolution
		SolutionGuid = {ACACD952-06E9-47AA-A37E-2C8E0E17EE8E}
	EndGlobalSection
EndGlobal
